
Microsoft Visual Studio Solution File, Format Version 12.00
# Visual Studio Version 16
VisualStudioVersion = 16.0.31624.102
MinimumVisualStudioVersion = 10.0.40219.1
Project("{FAE04EC0-301F-11D3-BF4B-00C04F79EFBC}") = "LibCalc", "LibCalc\LibCalc.csproj", "{0A573BF4-F3E9-4F95-9008-F29735293235}"
EndProject
Project("{FAE04EC0-301F-11D3-BF4B-00C04F79EFBC}") = "LibCalc.Tests", "LibCalc.Tests\LibCalc.Tests.csproj", "{A14AB73B-76B3-4424-9A28-FC4FB1606716}"
EndProject
Global
	GlobalSection(SolutionConfigurationPlatforms) = preSolution
		Debug|Any CPU = Debug|Any CPU
		Release|Any CPU = Release|Any CPU
	EndGlobalSection
	GlobalSection(ProjectConfigurationPlatforms) = postSolution
		{0A573BF4-F3E9-4F95-9008-F29735293235}.Debug|Any CPU.ActiveCfg = Debug|Any CPU
		{0A573BF4-F3E9-4F95-9008-F29735293235}.Debug|Any CPU.Build.0 = Debug|Any CPU
		{0A573BF4-F3E9-4F95-9008-F29735293235}.Release|Any CPU.ActiveCfg = Release|Any CPU
		{0A573BF4-F3E9-4F95-9008-F29735293235}.Release|Any CPU.Build.0 = Release|Any CPU
		{A14AB73B-76B3-4424-9A28-FC4FB1606716}.Debug|Any CPU.ActiveCfg = Debug|Any CPU
		{A14AB73B-76B3-4424-9A28-FC4FB1606716}.Debug|Any CPU.Build.0 = Debug|Any CPU
		{A14AB73B-76B3-4424-9A28-FC4FB1606716}.Release|Any CPU.ActiveCfg = Release|Any CPU
		{A14AB73B-76B3-4424-9A28-FC4FB1606716}.Release|Any CPU.Build.0 = Release|Any CPU
	EndGlobalSection
	GlobalSection(SolutionProperties) = preSolution
		HideSolutionNode = FALSE
	EndGlobalSection
	GlobalSection(ExtensibilityGlobals) = postSolution
		SolutionGuid = {96D7E63F-3566-41EE-813A-DAB96555F863}
	EndGlobalSection
EndGlobal
